
Microsoft Visual Studio Solution File, Format Version 12.00
# Visual Studio Version 16
VisualStudioVersion = 16.0.32002.261
MinimumVisualStudioVersion = 10.0.40219.1
Project("{FAE04EC0-301F-11D3-BF4B-00C04F79EFBC}") = "SimpleTelBot", "SimpleTelBot\SimpleTelBot.csproj", "{A20A70BD-B8DD-4F9A-B8A2-A145FBBA18F8}"
EndProject
Global
	GlobalSection(SolutionConfigurationPlatforms) = preSolution
		Debug|Any CPU = Debug|Any CPU
		Release|Any CPU = Release|Any CPU
	EndGlobalSection
	GlobalSection(ProjectConfigurationPlatforms) = postSolution
		{A20A70BD-B8DD-4F9A-B8A2-A145FBBA18F8}.Debug|Any CPU.ActiveCfg = Debug|Any CPU
		{A20A70BD-B8DD-4F9A-B8A2-A145FBBA18F8}.Debug|Any CPU.Build.0 = Debug|Any CPU
		{A20A70BD-B8DD-4F9A-B8A2-A145FBBA18F8}.Release|Any CPU.ActiveCfg = Release|Any CPU
		{A20A70BD-B8DD-4F9A-B8A2-A145FBBA18F8}.Release|Any CPU.Build.0 = Release|Any CPU
	EndGlobalSection
	GlobalSection(SolutionProperties) = preSolution
		HideSolutionNode = FALSE
	EndGlobalSection
	GlobalSection(ExtensibilityGlobals) = postSolution
		SolutionGuid = {4CF0856D-63FC-4665-85F2-64B786E67338}
	EndGlobalSection
EndGlobal
